
Microsoft Visual Studio Solution File, Format Version 12.00
# Visual Studio 15
VisualStudioVersion = 15.0.27919.0
MinimumVisualStudioVersion = 10.0.40219.1
Project("{FAE04EC0-301F-11D3-BF4B-00C04F79EFBC}") = "IEnumerable.ForEach", "IEnumerable.ForEach\IEnumerable.ForEach.csproj", "{A11FEFAD-0519-46CD-AECD-A41D329DA271}"
EndProject
Global
	GlobalSection(SolutionConfigurationPlatforms) = preSolution
		Debug|Any CPU = Debug|Any CPU
		Release|Any CPU = Release|Any CPU
	EndGlobalSection
	GlobalSection(ProjectConfigurationPlatforms) = postSolution
		{A11FEFAD-0519-46CD-AECD-A41D329DA271}.Debug|Any CPU.ActiveCfg = Debug|Any CPU
		{A11FEFAD-0519-46CD-AECD-A41D329DA271}.Debug|Any CPU.Build.0 = Debug|Any CPU
		{A11FEFAD-0519-46CD-AECD-A41D329DA271}.Release|Any CPU.ActiveCfg = Release|Any CPU
		{A11FEFAD-0519-46CD-AECD-A41D329DA271}.Release|Any CPU.Build.0 = Release|Any CPU
	EndGlobalSection
	GlobalSection(SolutionProperties) = preSolution
		HideSolutionNode = FALSE
	EndGlobalSection
	GlobalSection(ExtensibilityGlobals) = postSolution
		SolutionGuid = {C5882B60-2924-4C13-BCB6-30ECE2D0A9D6}
	EndGlobalSection
EndGlobal
